
Microsoft Visual Studio Solution File, Format Version 12.00
# Visual Studio Version 17
VisualStudioVersion = 17.10.34928.147
MinimumVisualStudioVersion = 10.0.40219.1
Project("{9A19103F-16F7-4668-BE54-9A1E7A4F7556}") = "Prueba.Servicios.Win", "Prueba.Servicios.Win\Prueba.Servicios.Win.csproj", "{4F9020C4-88C1-4602-8698-F07F31065CAD}"
EndProject
Project("{9A19103F-16F7-4668-BE54-9A1E7A4F7556}") = "Prueba.Servicios.Web", "Prueba.Servicios.Web\Prueba.Servicios.Web.csproj", "{CE207B44-F857-4D0E-B696-458B3214517F}"
EndProject
Global
	GlobalSection(SolutionConfigurationPlatforms) = preSolution
		Debug|Any CPU = Debug|Any CPU
		Release|Any CPU = Release|Any CPU
	EndGlobalSection
	GlobalSection(ProjectConfigurationPlatforms) = postSolution
		{4F9020C4-88C1-4602-8698-F07F31065CAD}.Debug|Any CPU.ActiveCfg = Debug|Any CPU
		{4F9020C4-88C1-4602-8698-F07F31065CAD}.Debug|Any CPU.Build.0 = Debug|Any CPU
		{4F9020C4-88C1-4602-8698-F07F31065CAD}.Release|Any CPU.ActiveCfg = Release|Any CPU
		{4F9020C4-88C1-4602-8698-F07F31065CAD}.Release|Any CPU.Build.0 = Release|Any CPU
		{CE207B44-F857-4D0E-B696-458B3214517F}.Debug|Any CPU.ActiveCfg = Debug|Any CPU
		{CE207B44-F857-4D0E-B696-458B3214517F}.Debug|Any CPU.Build.0 = Debug|Any CPU
		{CE207B44-F857-4D0E-B696-458B3214517F}.Release|Any CPU.ActiveCfg = Release|Any CPU
		{CE207B44-F857-4D0E-B696-458B3214517F}.Release|Any CPU.Build.0 = Release|Any CPU
	EndGlobalSection
	GlobalSection(SolutionProperties) = preSolution
		HideSolutionNode = FALSE
	EndGlobalSection
	GlobalSection(ExtensibilityGlobals) = postSolution
		SolutionGuid = {1FDFC0C7-A613-4069-B3AE-6289F39BB2CC}
	EndGlobalSection
EndGlobal
